
Microsoft Visual Studio Solution File, Format Version 12.00
# Visual Studio Version 17
VisualStudioVersion = 17.5.33516.290
MinimumVisualStudioVersion = 10.0.40219.1
Project("{FAE04EC0-301F-11D3-BF4B-00C04F79EFBC}") = "abctest", "abctest\abctest.csproj", "{1C3C7331-16D4-40A6-AF4A-4124A9DA1E2A}"
EndProject
Global
	GlobalSection(SolutionConfigurationPlatforms) = preSolution
		Debug|Any CPU = Debug|Any CPU
		Release|Any CPU = Release|Any CPU
	EndGlobalSection
	GlobalSection(ProjectConfigurationPlatforms) = postSolution
		{1C3C7331-16D4-40A6-AF4A-4124A9DA1E2A}.Debug|Any CPU.ActiveCfg = Debug|Any CPU
		{1C3C7331-16D4-40A6-AF4A-4124A9DA1E2A}.Debug|Any CPU.Build.0 = Debug|Any CPU
		{1C3C7331-16D4-40A6-AF4A-4124A9DA1E2A}.Release|Any CPU.ActiveCfg = Release|Any CPU
		{1C3C7331-16D4-40A6-AF4A-4124A9DA1E2A}.Release|Any CPU.Build.0 = Release|Any CPU
	EndGlobalSection
	GlobalSection(SolutionProperties) = preSolution
		HideSolutionNode = FALSE
	EndGlobalSection
	GlobalSection(ExtensibilityGlobals) = postSolution
		SolutionGuid = {86332518-59C4-4D27-8FBD-060AD7D4CF9D}
	EndGlobalSection
EndGlobal
